
Microsoft Visual Studio Solution File, Format Version 12.00
# Visual Studio 15
VisualStudioVersion = 15.0.28307.757
MinimumVisualStudioVersion = 10.0.40219.1
Project("{FAE04EC0-301F-11D3-BF4B-00C04F79EFBC}") = "Launcher", "Launcher.csproj", "{D3DD2BA6-6EE3-4AF7-A377-799A4B032E44}"
EndProject
Global
	GlobalSection(SolutionConfigurationPlatforms) = preSolution
		Debug|Any CPU = Debug|Any CPU
		Release|Any CPU = Release|Any CPU
	EndGlobalSection
	GlobalSection(ProjectConfigurationPlatforms) = postSolution
		{D3DD2BA6-6EE3-4AF7-A377-799A4B032E44}.Debug|Any CPU.ActiveCfg = Debug|Any CPU
		{D3DD2BA6-6EE3-4AF7-A377-799A4B032E44}.Debug|Any CPU.Build.0 = Debug|Any CPU
		{D3DD2BA6-6EE3-4AF7-A377-799A4B032E44}.Release|Any CPU.ActiveCfg = Release|Any CPU
		{D3DD2BA6-6EE3-4AF7-A377-799A4B032E44}.Release|Any CPU.Build.0 = Release|Any CPU
	EndGlobalSection
	GlobalSection(SolutionProperties) = preSolution
		HideSolutionNode = FALSE
	EndGlobalSection
	GlobalSection(ExtensibilityGlobals) = postSolution
		SolutionGuid = {92E590BB-D7C9-4C20-BA13-311E1968839D}
	EndGlobalSection
EndGlobal
